github.com/ahmadkasmanto123/go-say-hello v1.0.0 h1:BZPUre7HkdzTKy/FAuEEpSjEZXitsEVxUauA7RMpmRk=
github.com/ahmadkasmanto123/go-say-hello v1.0.0/go.mod h1:1NeuNYdc416sjq8qvaZTOBJnD8nt2k27T6A7aA5O/XM=
github.com/ahmadkasmanto123/go-say-hello v1.1.0 h1:fRXqGqyZP9AR3lHDtO+AwDomuPuY92Wy3UibtSEtZ8Y=
github.com/ahmadkasmanto123/go-say-hello v1.1.0/go.mod h1:1NeuNYdc416sjq8qvaZTOBJnD8nt2k27T6A7aA5O/XM=
